
Microsoft Visual Studio Solution File, Format Version 12.00
# Visual Studio Version 16
VisualStudioVersion = 16.0.31205.134
MinimumVisualStudioVersion = 10.0.40219.1
Project("{FAE04EC0-301F-11D3-BF4B-00C04F79EFBC}") = "VimalJagruti", "VimalJagruti\VimalJagruti.csproj", "{16D86FA4-5CD9-443F-A637-23311ADF4FFC}"
EndProject
Project("{FAE04EC0-301F-11D3-BF4B-00C04F79EFBC}") = "VimalJagruti.Domain", "VimalJagruti.Domain\VimalJagruti.Domain.csproj", "{48A9FCB8-E03F-4BC2-A79D-6624D6F21470}"
EndProject
Project("{FAE04EC0-301F-11D3-BF4B-00C04F79EFBC}") = "VimalJagruti.Repo", "VimalJagruti.Repo\VimalJagruti.Repo.csproj", "{8976331A-139D-4793-B8A0-2B66AEBE2227}"
EndProject
Project("{FAE04EC0-301F-11D3-BF4B-00C04F79EFBC}") = "VimalJagruti.Services", "VimalJagruti.Services\VimalJagruti.Services.csproj", "{893F1F88-8BE5-43BC-8BE0-10836D51599B}"
EndProject
Project("{FAE04EC0-301F-11D3-BF4B-00C04F79EFBC}") = "VimalJagruti.Utils", "VimalJagruti.Utils\VimalJagruti.Utils.csproj", "{C93A86FC-2818-48ED-99BD-16F80E01EE9E}"
EndProject
Global
	GlobalSection(SolutionConfigurationPlatforms) = preSolution
		Debug|Any CPU = Debug|Any CPU
		Release|Any CPU = Release|Any CPU
	EndGlobalSection
	GlobalSection(ProjectConfigurationPlatforms) = postSolution
		{16D86FA4-5CD9-443F-A637-23311ADF4FFC}.Debug|Any CPU.ActiveCfg = Debug|Any CPU
		{16D86FA4-5CD9-443F-A637-23311ADF4FFC}.Debug|Any CPU.Build.0 = Debug|Any CPU
		{16D86FA4-5CD9-443F-A637-23311ADF4FFC}.Release|Any CPU.ActiveCfg = Release|Any CPU
		{16D86FA4-5CD9-443F-A637-23311ADF4FFC}.Release|Any CPU.Build.0 = Release|Any CPU
		{48A9FCB8-E03F-4BC2-A79D-6624D6F21470}.Debug|Any CPU.ActiveCfg = Debug|Any CPU
		{48A9FCB8-E03F-4BC2-A79D-6624D6F21470}.Debug|Any CPU.Build.0 = Debug|Any CPU
		{48A9FCB8-E03F-4BC2-A79D-6624D6F21470}.Release|Any CPU.ActiveCfg = Release|Any CPU
		{48A9FCB8-E03F-4BC2-A79D-6624D6F21470}.Release|Any CPU.Build.0 = Release|Any CPU
		{8976331A-139D-4793-B8A0-2B66AEBE2227}.Debug|Any CPU.ActiveCfg = Debug|Any CPU
		{8976331A-139D-4793-B8A0-2B66AEBE2227}.Debug|Any CPU.Build.0 = Debug|Any CPU
		{8976331A-139D-4793-B8A0-2B66AEBE2227}.Release|Any CPU.ActiveCfg = Release|Any CPU
		{8976331A-139D-4793-B8A0-2B66AEBE2227}.Release|Any CPU.Build.0 = Release|Any CPU
		{893F1F88-8BE5-43BC-8BE0-10836D51599B}.Debug|Any CPU.ActiveCfg = Debug|Any CPU
		{893F1F88-8BE5-43BC-8BE0-10836D51599B}.Debug|Any CPU.Build.0 = Debug|Any CPU
		{893F1F88-8BE5-43BC-8BE0-10836D51599B}.Release|Any CPU.ActiveCfg = Release|Any CPU
		{893F1F88-8BE5-43BC-8BE0-10836D51599B}.Release|Any CPU.Build.0 = Release|Any CPU
		{C93A86FC-2818-48ED-99BD-16F80E01EE9E}.Debug|Any CPU.ActiveCfg = Debug|Any CPU
		{C93A86FC-2818-48ED-99BD-16F80E01EE9E}.Debug|Any CPU.Build.0 = Debug|Any CPU
		{C93A86FC-2818-48ED-99BD-16F80E01EE9E}.Release|Any CPU.ActiveCfg = Release|Any CPU
		{C93A86FC-2818-48ED-99BD-16F80E01EE9E}.Release|Any CPU.Build.0 = Release|Any CPU
	EndGlobalSection
	GlobalSection(SolutionProperties) = preSolution
		HideSolutionNode = FALSE
	EndGlobalSection
	GlobalSection(ExtensibilityGlobals) = postSolution
		SolutionGuid = {23A5B40A-8F3B-44E5-81C0-8B62450642F1}
	EndGlobalSection
EndGlobal
